// !$*UTF8*$!
{
	archiveVersion = 1;
	classes = {
	};
	objectVersion = 46;
	objects = {

/* Begin PBXBuildFile section */
		2F9A17821D6F59EA008ABA56 /* main.m in Sources */ = {isa = PBXBuildFile; fileRef = 2F9A17811D6F59EA008ABA56 /* main.m */; };
		2F9A17851D6F59EA008ABA56 /* AppDelegate.m in Sources */ = {isa = PBXBuildFile; fileRef = 2F9A17841D6F59EA008ABA56 /* AppDelegate.m */; };
		2F9A17881D6F59EA008ABA56 /* ViewController.m in Sources */ = {isa = PBXBuildFile; fileRef = 2F9A17871D6F59EA008ABA56 /* ViewController.m */; };
		2F9A178B1D6F59EA008ABA56 /* Main.storyboard in Resources */ = {isa = PBXBuildFile; fileRef = 2F9A17891D6F59EA008ABA56 /* Main.storyboard */; };
		2F9A178D1D6F59EA008ABA56 /* Assets.xcassets in Resources */ = {isa = PBXBuildFile; fileRef = 2F9A178C1D6F59EA008ABA56 /* Assets.xcassets */; };
		2F9A17901D6F59EA008ABA56 /* LaunchScreen.storyboard in Resources */ = {isa = PBXBuildFile; fileRef = 2F9A178E1D6F59EA008ABA56 /* LaunchScreen.storyboard */; };
		2F9A17991D6F5C2E008ABA56 /* ScoreKeeper.m in Sources */ = {isa = PBXBuildFile; fileRef = 2F9A17981D6F5C2E008ABA56 /* ScoreKeeper.m */; };
/* End PBXBuildFile section */

/* Begin PBXFileReference section */
		2F9A177D1D6F59EA008ABA56 /* CycriptDemo.app */ = {isa = PBXFileReference; explicitFileType = wrapper.application; includeInIndex = 0; path = CycriptDemo.app; sourceTree = BUILT_PRODUCTS_DIR; };
		2F9A17811D6F59EA008ABA56 /* main.m */ = {isa = PBXFileReference; lastKnownFileType = sourcecode.c.objc; path = main.m; sourceTree = "<group>"; };
		2F9A17831D6F59EA008ABA56 /* AppDelegate.h */ = {isa = PBXFileReference; lastKnownFileType = sourcecode.c.h; path = AppDelegate.h; sourceTree = "<group>"; };
		2F9A17841D6F59EA008ABA56 /* AppDelegate.m */ = {isa = PBXFileReference; lastKnownFileType = sourcecode.c.objc; path = AppDelegate.m; sourceTree = "<group>"; };
		2F9A17861D6F59EA008ABA56 /* ViewController.h */ = {isa = PBXFileReference; lastKnownFileType = sourcecode.c.h; path = ViewController.h; sourceTree = "<group>"; };
		2F9A17871D6F59EA008ABA56 /* ViewController.m */ = {isa = PBXFileReference; lastKnownFileType = sourcecode.c.objc; path = ViewController.m; sourceTree = "<group>"; };
		2F9A178A1D6F59EA008ABA56 /* Base */ = {isa = PBXFileReference; lastKnownFileType = file.storyboard; name = Base; path = Base.lproj/Main.storyboard; sourceTree = "<group>"; };
		2F9A178C1D6F59EA008ABA56 /* Assets.xcassets */ = {isa = PBXFileReference; lastKnownFileType = folder.assetcatalog; path = Assets.xcassets; sourceTree = "<group>"; };
		2F9A178F1D6F59EA008ABA56 /* Base */ = {isa = PBXFileReference; lastKnownFileType = file.storyboard; name = Base; path = Base.lproj/LaunchScreen.storyboard; sourceTree = "<group>"; };
		2F9A17911D6F59EA008ABA56 /* Info.plist */ = {isa = PBXFileReference; lastKnownFileType = text.plist.xml; path = Info.plist; sourceTree = "<group>"; };
		2F9A17971D6F5C2E008ABA56 /* ScoreKeeper.h */ = {isa = PBXFileReference; fileEncoding = 4; lastKnownFileType = sourcecode.c.h; path = ScoreKeeper.h; sourceTree = "<group>"; };
		2F9A17981D6F5C2E008ABA56 /* ScoreKeeper.m */ = {isa = PBXFileReference; fileEncoding = 4; lastKnownFileType = sourcecode.c.objc; path = ScoreKeeper.m; sourceTree = "<group>"; };
/* End PBXFileReference section */

/* Begin PBXFrameworksBuildPhase section */
		2F9A177A1D6F59EA008ABA56 /* Frameworks */ = {
			isa = PBXFrameworksBuildPhase;
			buildActionMask = 2147483647;
			files = (
			);
			runOnlyForDeploymentPostprocessing = 0;
		};
/* End PBXFrameworksBuildPhase section */

/* Begin PBXGroup section */
		2F9A17741D6F59EA008ABA56 = {
			isa = PBXGroup;
			children = (
				2F9A177F1D6F59EA008ABA56 /* CycriptDemo */,
				2F9A177E1D6F59EA008ABA56 /* Products */,
			);
			sourceTree = "<group>";
		};
		2F9A177E1D6F59EA008ABA56 /* Products */ = {
			isa = PBXGroup;
			children = (
				2F9A177D1D6F59EA008ABA56 /* CycriptDemo.app */,
			);
			name = Products;
			sourceTree = "<group>";
		};
		2F9A177F1D6F59EA008ABA56 /* CycriptDemo */ = {
			isa = PBXGroup;
			children = (
				2F9A17831D6F59EA008ABA56 /* AppDelegate.h */,
				2F9A17841D6F59EA008ABA56 /* AppDelegate.m */,
				2F9A17861D6F59EA008ABA56 /* ViewController.h */,
				2F9A17871D6F59EA008ABA56 /* ViewController.m */,
				2F9A17971D6F5C2E008ABA56 /* ScoreKeeper.h */,
				2F9A17981D6F5C2E008ABA56 /* ScoreKeeper.m */,
				2F9A17891D6F59EA008ABA56 /* Main.storyboard */,
				2F9A178C1D6F59EA008ABA56 /* Assets.xcassets */,
				2F9A178E1D6F59EA008ABA56 /* LaunchScreen.storyboard */,
				2F9A17911D6F59EA008ABA56 /* Info.plist */,
				2F9A17801D6F59EA008ABA56 /* Supporting Files */,
			);
			path = CycriptDemo;
			sourceTree = "<group>";
		};
		2F9A17801D6F59EA008ABA56 /* Supporting Files */ = {
			isa = PBXGroup;
			children = (
				2F9A17811D6F59EA008ABA56 /* main.m */,
			);
			name = "Supporting Files";
			sourceTree = "<group>";
		};
/* End PBXGroup section */

/* Begin PBXNativeTarget section */
		2F9A177C1D6F59EA008ABA56 /* CycriptDemo */ = {
			isa = PBXNativeTarget;
			buildConfigurationList = 2F9A17941D6F59EA008ABA56 /* Build configuration list for PBXNativeTarget "CycriptDemo" */;
			buildPhases = (
				2F9A17791D6F59EA008ABA56 /* Sources */,
				2F9A177A1D6F59EA008ABA56 /* Frameworks */,
				2F9A177B1D6F59EA008ABA56 /* Resources */,
			);
			buildRules = (
			);
			dependencies = (
			);
			name = CycriptDemo;
			productName = CycriptDemo;
			productReference = 2F9A177D1D6F59EA008ABA56 /* CycriptDemo.app */;
			productType = "com.apple.product-type.application";
		};
/* End PBXNativeTarget section */

/* Begin PBXProject section */
		2F9A17751D6F59EA008ABA56 /* Project object */ = {
			isa = PBXProject;
			attributes = {
				LastUpgradeCheck = 0730;
				ORGANIZATIONNAME = "Bison Software";
				TargetAttributes = {
					2F9A177C1D6F59EA008ABA56 = {
						CreatedOnToolsVersion = 7.3.1;
						DevelopmentTeam = AY3UYD4VYW;
					};
				};
			};
			buildConfigurationList = 2F9A17781D6F59EA008ABA56 /* Build configuration list for PBXProject "CycriptDemo" */;
			compatibilityVersion = "Xcode 3.2";
			developmentRegion = English;
			hasScannedForEncodings = 0;
			knownRegions = (
				en,
				Base,
			);
			mainGroup = 2F9A17741D6F59EA008ABA56;
			productRefGroup = 2F9A177E1D6F59EA008ABA56 /* Products */;
			projectDirPath = "";
			projectRoot = "";
			targets = (
				2F9A177C1D6F59EA008ABA56 /* CycriptDemo */,
			);
		};
/* End PBXProject section */

/* Begin PBXResourcesBuildPhase section */
		2F9A177B1D6F59EA008ABA56 /* Resources */ = {
			isa = PBXResourcesBuildPhase;
			buildActionMask = 2147483647;
			files = (
				2F9A17901D6F59EA008ABA56 /* LaunchScreen.storyboard in Resources */,
				2F9A178D1D6F59EA008ABA56 /* Assets.xcassets in Resources */,
				2F9A178B1D6F59EA008ABA56 /* Main.storyboard in Resources */,
			);
			runOnlyForDeploymentPostprocessing = 0;
		};
/* End PBXResourcesBuildPhase section */

/* Begin PBXSourcesBuildPhase section */
		2F9A17791D6F59EA008ABA56 /* Sources */ = {
			isa = PBXSourcesBuildPhase;
			buildActionMask = 2147483647;
			files = (
				2F9A17991D6F5C2E008ABA56 /* ScoreKeeper.m in Sources */,
				2F9A17881D6F59EA008ABA56 /* ViewController.m in Sources */,
				2F9A17851D6F59EA008ABA56 /* AppDelegate.m in Sources */,
				2F9A17821D6F59EA008ABA56 /* main.m in Sources */,
			);
			runOnlyForDeploymentPostprocessing = 0;
		};
/* End PBXSourcesBuildPhase section */

/* Begin PBXVariantGroup section */
		2F9A17891D6F59EA008ABA56 /* Main.storyboard */ = {
			isa = PBXVariantGroup;
			children = (
				2F9A178A1D6F59EA008ABA56 /* Base */,
			);
			name = Main.storyboard;
			sourceTree = "<group>";
		};
		2F9A178E1D6F59EA008ABA56 /* LaunchScreen.storyboard */ = {
			isa = PBXVariantGroup;
			children = (
				2F9A178F1D6F59EA008ABA56 /* Base */,
			);
			name = LaunchScreen.storyboard;
			sourceTree = "<group>";
		};
/* End PBXVariantGroup section */

/* Begin XCBuildConfiguration section */
		2F9A17921D6F59EA008ABA56 /* Debug */ = {
			isa = XCBuildConfiguration;
			buildSettings = {
				ALWAYS_SEARCH_USER_PATHS = NO;
				CLANG_ANALYZER_NONNULL = YES;
				CLANG_CXX_LANGUAGE_STANDARD = "gnu++0x";
				CLANG_CXX_LIBRARY = "libc++";
				CLANG_ENABLE_MODULES = YES;
				CLANG_ENABLE_OBJC_ARC = YES;
				CLANG_WARN_BOOL_CONVERSION = YES;
				CLANG_WARN_CONSTANT_CONVERSION = YES;
				CLANG_WARN_DIRECT_OBJC_ISA_USAGE = YES_ERROR;
				CLANG_WARN_EMPTY_BODY = YES;
				CLANG_WARN_ENUM_CONVERSION = YES;
				CLANG_WARN_INT_CONVERSION = YES;
				CLANG_WARN_OBJC_ROOT_CLASS = YES_ERROR;
				CLANG_WARN_UNREACHABLE_CODE = YES;
				CLANG_WARN__DUPLICATE_METHOD_MATCH = YES;
				"CODE_SIGN_IDENTITY[sdk=iphoneos*]" = "iPhone Developer";
				COPY_PHASE_STRIP = NO;
				DEBUG_INFORMATION_FORMAT = dwarf;
				ENABLE_STRICT_OBJC_MSGSEND = YES;
				ENABLE_TESTABILITY = YES;
				GCC_C_LANGUAGE_STANDARD = gnu99;
				GCC_DYNAMIC_NO_PIC = NO;
				GCC_NO_COMMON_BLOCKS = YES;
				GCC_OPTIMIZATION_LEVEL = 0;
				GCC_PREPROCESSOR_DEFINITIONS = (
					"DEBUG=1",
					"$(inherited)",
				);
				GCC_WARN_64_TO_32_BIT_CONVERSION = YES;
				GCC_WARN_ABOUT_RETURN_TYPE = YES_ERROR;
				GCC_WARN_UNDECLARED_SELECTOR = YES;
				GCC_WARN_UNINITIALIZED_AUTOS = YES_AGGRESSIVE;
				GCC_WARN_UNUSED_FUNCTION = YES;
				GCC_WARN_UNUSED_VARIABLE = YES;
				IPHONEOS_DEPLOYMENT_TARGET = 9.3;
				MTL_ENABLE_DEBUG_INFO = YES;
				ONLY_ACTIVE_ARCH = YES;
				SDKROOT = iphoneos;
			};
			name = Debug;
		};
		2F9A17931D6F59EA008ABA56 /* Release */ = {
			isa = XCBuildConfiguration;
			buildSettings = {
				ALWAYS_SEARCH_USER_PATHS = NO;
				CLANG_ANALYZER_NONNULL = YES;
				CLANG_CXX_LANGUAGE_STANDARD = "gnu++0x";
				CLANG_CXX_LIBRARY = "libc++";
				CLANG_ENABLE_MODULES = YES;
				CLANG_ENABLE_OBJC_ARC = YES;
				CLANG_WARN_BOOL_CONVERSION = YES;
				CLANG_WARN_CONSTANT_CONVERSION = YES;
				CLANG_WARN_DIRECT_OBJC_ISA_USAGE = YES_ERROR;
				CLANG_WARN_EMPTY_BODY = YES;
				CLANG_WARN_ENUM_CONVERSION = YES;
				CLANG_WARN_INT_CONVERSION = YES;
				CLANG_WARN_OBJC_ROOT_CLASS = YES_ERROR;
				CLANG_WARN_UNREACHABLE_CODE = YES;
				CLANG_WARN__DUPLICATE_METHOD_MATCH = YES;
				"CODE_SIGN_IDENTITY[sdk=iphoneos*]" = "iPhone Developer";
				COPY_PHASE_STRIP = NO;
				DEBUG_INFORMATION_FORMAT = "dwarf-with-dsym";
				ENABLE_NS_ASSERTIONS = NO;
				ENABLE_STRICT_OBJC_MSGSEND = YES;
				GCC_C_LANGUAGE_STANDARD = gnu99;
				GCC_NO_COMMON_BLOCKS = YES;
				GCC_WARN_64_TO_32_BIT_CONVERSION = YES;
				GCC_WARN_ABOUT_RETURN_TYPE = YES_ERROR;
				GCC_WARN_UNDECLARED_SELECTOR = YES;
				GCC_WARN_UNINITIALIZED_AUTOS = YES_AGGRESSIVE;
				GCC_WARN_UNUSED_FUNCTION = YES;
				GCC_WARN_UNUSED_VARIABLE = YES;
				IPHONEOS_DEPLOYMENT_TARGET = 9.3;
				MTL_ENABLE_DEBUG_INFO = NO;
				SDKROOT = iphoneos;
				VALIDATE_PRODUCT = YES;
			};
			name = Release;
		};
		2F9A17951D6F59EA008ABA56 /* Debug */ = {
			isa = XCBuildConfiguration;
			buildSettings = {
				ASSETCATALOG_COMPILER_APPICON_NAME = AppIcon;
				INFOPLIST_FILE = CycriptDemo/Info.plist;
				LD_RUNPATH_SEARCH_PATHS = "$(inherited) @executable_path/Frameworks";
				PRODUCT_BUNDLE_IDENTIFIER = com.BisonSoftware.CycriptDemo;
				PRODUCT_NAME = "$(TARGET_NAME)";
			};
			name = Debug;
		};
		2F9A17961D6F59EA008ABA56 /* Release */ = {
			isa = XCBuildConfiguration;
			buildSettings = {
				ASSETCATALOG_COMPILER_APPICON_NAME = AppIcon;
				INFOPLIST_FILE = CycriptDemo/Info.plist;
				LD_RUNPATH_SEARCH_PATHS = "$(inherited) @executable_path/Frameworks";
				PRODUCT_BUNDLE_IDENTIFIER = com.BisonSoftware.CycriptDemo;
				PRODUCT_NAME = "$(TARGET_NAME)";
			};
			name = Release;
		};
/* End XCBuildConfiguration section */

/* Begin XCConfigurationList section */
		2F9A17781D6F59EA008ABA56 /* Build configuration list for PBXProject "CycriptDemo" */ = {
			isa = XCConfigurationList;
			buildConfigurations = (
				2F9A17921D6F59EA008ABA56 /* Debug */,
				2F9A17931D6F59EA008ABA56 /* Release */,
			);
			defaultConfigurationIsVisible = 0;
			defaultConfigurationName = Release;
		};
		2F9A17941D6F59EA008ABA56 /* Build configuration list for PBXNativeTarget "CycriptDemo" */ = {
			isa = XCConfigurationList;
			buildConfigurations = (
				2F9A17951D6F59EA008ABA56 /* Debug */,
				2F9A17961D6F59EA008ABA56 /* Release */,
			);
			defaultConfigurationIsVisible = 0;
		};
/* End XCConfigurationList section */
	};
	rootObject = 2F9A17751D6F59EA008ABA56 /* Project object */;
}
